
Microsoft Visual Studio Solution File, Format Version 12.00
# Visual Studio Version 16
VisualStudioVersion = 16.0.33027.164
MinimumVisualStudioVersion = 10.0.40219.1
Project("{FAE04EC0-301F-11D3-BF4B-00C04F79EFBC}") = "BDConsole", "BDConsole\BDConsole.csproj", "{AC9EFF2A-5B90-4057-9612-4025E778F11E}"
EndProject
Global
	GlobalSection(SolutionConfigurationPlatforms) = preSolution
		Debug|Any CPU = Debug|Any CPU
		Release|Any CPU = Release|Any CPU
	EndGlobalSection
	GlobalSection(ProjectConfigurationPlatforms) = postSolution
		{AC9EFF2A-5B90-4057-9612-4025E778F11E}.Debug|Any CPU.ActiveCfg = Debug|Any CPU
		{AC9EFF2A-5B90-4057-9612-4025E778F11E}.Debug|Any CPU.Build.0 = Debug|Any CPU
		{AC9EFF2A-5B90-4057-9612-4025E778F11E}.Release|Any CPU.ActiveCfg = Release|Any CPU
		{AC9EFF2A-5B90-4057-9612-4025E778F11E}.Release|Any CPU.Build.0 = Release|Any CPU
	EndGlobalSection
	GlobalSection(SolutionProperties) = preSolution
		HideSolutionNode = FALSE
	EndGlobalSection
	GlobalSection(ExtensibilityGlobals) = postSolution
		SolutionGuid = {FB74968B-238D-4F34-9BCF-015F5A9A35BE}
	EndGlobalSection
EndGlobal
